// !$*UTF8*$!
{
	archiveVersion = 1;
	classes = {
	};
	objectVersion = 46;
	objects = {

/* Begin PBXBuildFile section */
		A187ACF01DEAA7F000B717D2 /* main.m in Sources */ = {isa = PBXBuildFile; fileRef = A187ACEF1DEAA7F000B717D2 /* main.m */; };
		A187ACF31DEAA7F000B717D2 /* AppDelegate.m in Sources */ = {isa = PBXBuildFile; fileRef = A187ACF21DEAA7F000B717D2 /* AppDelegate.m */; };
		A187ACF61DEAA7F000B717D2 /* ViewController.m in Sources */ = {isa = PBXBuildFile; fileRef = A187ACF51DEAA7F000B717D2 /* ViewController.m */; };
		A187ACF91DEAA7F000B717D2 /* Main.storyboard in Resources */ = {isa = PBXBuildFile; fileRef = A187ACF71DEAA7F000B717D2 /* Main.storyboard */; };
		A187ACFB1DEAA7F000B717D2 /* Assets.xcassets in Resources */ = {isa = PBXBuildFile; fileRef = A187ACFA1DEAA7F000B717D2 /* Assets.xcassets */; };
		A187ACFE1DEAA7F000B717D2 /* LaunchScreen.storyboard in Resources */ = {isa = PBXBuildFile; fileRef = A187ACFC1DEAA7F000B717D2 /* LaunchScreen.storyboard */; };
		A187AD091DEAA7F100B717D2 /* ________window__vcTests.m in Sources */ = {isa = PBXBuildFile; fileRef = A187AD081DEAA7F100B717D2 /* ________window__vcTests.m */; };
		A187AD141DEAA7F100B717D2 /* ________window__vcUITests.m in Sources */ = {isa = PBXBuildFile; fileRef = A187AD131DEAA7F100B717D2 /* ________window__vcUITests.m */; };
		A187AD231DEAA83400B717D2 /* ViewController1.m in Sources */ = {isa = PBXBuildFile; fileRef = A187AD221DEAA83400B717D2 /* ViewController1.m */; };
		A187AD261DEAAC1F00B717D2 /* ViewController2.m in Sources */ = {isa = PBXBuildFile; fileRef = A187AD251DEAAC1F00B717D2 /* ViewController2.m */; };
		A187AD291DEAACFB00B717D2 /* ViewController3.m in Sources */ = {isa = PBXBuildFile; fileRef = A187AD281DEAACFB00B717D2 /* ViewController3.m */; };
		A1E2816D1DEAAFF4006DCA77 /* ViewController4.m in Sources */ = {isa = PBXBuildFile; fileRef = A1E2816C1DEAAFF4006DCA77 /* ViewController4.m */; };
		A1E281701DEAB130006DCA77 /* ViewController5.m in Sources */ = {isa = PBXBuildFile; fileRef = A1E2816F1DEAB130006DCA77 /* ViewController5.m */; };
/* End PBXBuildFile section */

/* Begin PBXContainerItemProxy section */
		A187AD051DEAA7F100B717D2 /* PBXContainerItemProxy */ = {
			isa = PBXContainerItemProxy;
			containerPortal = A187ACE31DEAA7F000B717D2 /* Project object */;
			proxyType = 1;
			remoteGlobalIDString = A187ACEA1DEAA7F000B717D2;
			remoteInfo = "导航模态连用获取window当前vc";
		};
		A187AD101DEAA7F100B717D2 /* PBXContainerItemProxy */ = {
			isa = PBXContainerItemProxy;
			containerPortal = A187ACE31DEAA7F000B717D2 /* Project object */;
			proxyType = 1;
			remoteGlobalIDString = A187ACEA1DEAA7F000B717D2;
			remoteInfo = "导航模态连用获取window当前vc";
		};
/* End PBXContainerItemProxy section */

/* Begin PBXFileReference section */
		A187ACEB1DEAA7F000B717D2 /* 导航模态连用获取window当前vc.app */ = {isa = PBXFileReference; explicitFileType = wrapper.application; includeInIndex = 0; path = "导航模态连用获取window当前vc.app"; sourceTree = BUILT_PRODUCTS_DIR; };
		A187ACEF1DEAA7F000B717D2 /* main.m */ = {isa = PBXFileReference; lastKnownFileType = sourcecode.c.objc; path = main.m; sourceTree = "<group>"; };
		A187ACF11DEAA7F000B717D2 /* AppDelegate.h */ = {isa = PBXFileReference; lastKnownFileType = sourcecode.c.h; path = AppDelegate.h; sourceTree = "<group>"; };
		A187ACF21DEAA7F000B717D2 /* AppDelegate.m */ = {isa = PBXFileReference; lastKnownFileType = sourcecode.c.objc; path = AppDelegate.m; sourceTree = "<group>"; };
		A187ACF41DEAA7F000B717D2 /* ViewController.h */ = {isa = PBXFileReference; lastKnownFileType = sourcecode.c.h; path = ViewController.h; sourceTree = "<group>"; };
		A187ACF51DEAA7F000B717D2 /* ViewController.m */ = {isa = PBXFileReference; lastKnownFileType = sourcecode.c.objc; path = ViewController.m; sourceTree = "<group>"; };
		A187ACF81DEAA7F000B717D2 /* Base */ = {isa = PBXFileReference; lastKnownFileType = file.storyboard; name = Base; path = Base.lproj/Main.storyboard; sourceTree = "<group>"; };
		A187ACFA1DEAA7F000B717D2 /* Assets.xcassets */ = {isa = PBXFileReference; lastKnownFileType = folder.assetcatalog; path = Assets.xcassets; sourceTree = "<group>"; };
		A187ACFD1DEAA7F000B717D2 /* Base */ = {isa = PBXFileReference; lastKnownFileType = file.storyboard; name = Base; path = Base.lproj/LaunchScreen.storyboard; sourceTree = "<group>"; };
		A187ACFF1DEAA7F000B717D2 /* Info.plist */ = {isa = PBXFileReference; lastKnownFileType = text.plist.xml; path = Info.plist; sourceTree = "<group>"; };
		A187AD041DEAA7F100B717D2 /* 导航模态连用获取window当前vcTests.xctest */ = {isa = PBXFileReference; explicitFileType = wrapper.cfbundle; includeInIndex = 0; path = "导航模态连用获取window当前vcTests.xctest"; sourceTree = BUILT_PRODUCTS_DIR; };
		A187AD081DEAA7F100B717D2 /* ________window__vcTests.m */ = {isa = PBXFileReference; lastKnownFileType = sourcecode.c.objc; path = "________window__vcTests.m"; sourceTree = "<group>"; };
		A187AD0A1DEAA7F100B717D2 /* Info.plist */ = {isa = PBXFileReference; lastKnownFileType = text.plist.xml; path = Info.plist; sourceTree = "<group>"; };
		A187AD0F1DEAA7F100B717D2 /* 导航模态连用获取window当前vcUITests.xctest */ = {isa = PBXFileReference; explicitFileType = wrapper.cfbundle; includeInIndex = 0; path = "导航模态连用获取window当前vcUITests.xctest"; sourceTree = BUILT_PRODUCTS_DIR; };
		A187AD131DEAA7F100B717D2 /* ________window__vcUITests.m */ = {isa = PBXFileReference; lastKnownFileType = sourcecode.c.objc; path = "________window__vcUITests.m"; sourceTree = "<group>"; };
		A187AD151DEAA7F100B717D2 /* Info.plist */ = {isa = PBXFileReference; lastKnownFileType = text.plist.xml; path = Info.plist; sourceTree = "<group>"; };
		A187AD211DEAA83400B717D2 /* ViewController1.h */ = {isa = PBXFileReference; fileEncoding = 4; lastKnownFileType = sourcecode.c.h; path = ViewController1.h; sourceTree = "<group>"; };
		A187AD221DEAA83400B717D2 /* ViewController1.m */ = {isa = PBXFileReference; fileEncoding = 4; lastKnownFileType = sourcecode.c.objc; path = ViewController1.m; sourceTree = "<group>"; };
		A187AD241DEAAC1F00B717D2 /* ViewController2.h */ = {isa = PBXFileReference; fileEncoding = 4; lastKnownFileType = sourcecode.c.h; path = ViewController2.h; sourceTree = "<group>"; };
		A187AD251DEAAC1F00B717D2 /* ViewController2.m */ = {isa = PBXFileReference; fileEncoding = 4; lastKnownFileType = sourcecode.c.objc; path = ViewController2.m; sourceTree = "<group>"; };
		A187AD271DEAACFB00B717D2 /* ViewController3.h */ = {isa = PBXFileReference; fileEncoding = 4; lastKnownFileType = sourcecode.c.h; path = ViewController3.h; sourceTree = "<group>"; };
		A187AD281DEAACFB00B717D2 /* ViewController3.m */ = {isa = PBXFileReference; fileEncoding = 4; lastKnownFileType = sourcecode.c.objc; path = ViewController3.m; sourceTree = "<group>"; };
		A1E2816B1DEAAFF4006DCA77 /* ViewController4.h */ = {isa = PBXFileReference; fileEncoding = 4; lastKnownFileType = sourcecode.c.h; path = ViewController4.h; sourceTree = "<group>"; };
		A1E2816C1DEAAFF4006DCA77 /* ViewController4.m */ = {isa = PBXFileReference; fileEncoding = 4; lastKnownFileType = sourcecode.c.objc; path = ViewController4.m; sourceTree = "<group>"; };
		A1E2816E1DEAB130006DCA77 /* ViewController5.h */ = {isa = PBXFileReference; fileEncoding = 4; lastKnownFileType = sourcecode.c.h; path = ViewController5.h; sourceTree = "<group>"; };
		A1E2816F1DEAB130006DCA77 /* ViewController5.m */ = {isa = PBXFileReference; fileEncoding = 4; lastKnownFileType = sourcecode.c.objc; path = ViewController5.m; sourceTree = "<group>"; };
/* End PBXFileReference section */

/* Begin PBXFrameworksBuildPhase section */
		A187ACE81DEAA7F000B717D2 /* Frameworks */ = {
			isa = PBXFrameworksBuildPhase;
			buildActionMask = 2147483647;
			files = (
			);
			runOnlyForDeploymentPostprocessing = 0;
		};
		A187AD011DEAA7F100B717D2 /* Frameworks */ = {
			isa = PBXFrameworksBuildPhase;
			buildActionMask = 2147483647;
			files = (
			);
			runOnlyForDeploymentPostprocessing = 0;
		};
		A187AD0C1DEAA7F100B717D2 /* Frameworks */ = {
			isa = PBXFrameworksBuildPhase;
			buildActionMask = 2147483647;
			files = (
			);
			runOnlyForDeploymentPostprocessing = 0;
		};
/* End PBXFrameworksBuildPhase section */

/* Begin PBXGroup section */
		A187ACE21DEAA7F000B717D2 = {
			isa = PBXGroup;
			children = (
				A187ACED1DEAA7F000B717D2 /* 导航模态连用获取window当前vc */,
				A187AD071DEAA7F100B717D2 /* 导航模态连用获取window当前vcTests */,
				A187AD121DEAA7F100B717D2 /* 导航模态连用获取window当前vcUITests */,
				A187ACEC1DEAA7F000B717D2 /* Products */,
			);
			sourceTree = "<group>";
		};
		A187ACEC1DEAA7F000B717D2 /* Products */ = {
			isa = PBXGroup;
			children = (
				A187ACEB1DEAA7F000B717D2 /* 导航模态连用获取window当前vc.app */,
				A187AD041DEAA7F100B717D2 /* 导航模态连用获取window当前vcTests.xctest */,
				A187AD0F1DEAA7F100B717D2 /* 导航模态连用获取window当前vcUITests.xctest */,
			);
			name = Products;
			sourceTree = "<group>";
		};
		A187ACED1DEAA7F000B717D2 /* 导航模态连用获取window当前vc */ = {
			isa = PBXGroup;
			children = (
				A187ACF11DEAA7F000B717D2 /* AppDelegate.h */,
				A187ACF21DEAA7F000B717D2 /* AppDelegate.m */,
				A187ACF41DEAA7F000B717D2 /* ViewController.h */,
				A187ACF51DEAA7F000B717D2 /* ViewController.m */,
				A187AD211DEAA83400B717D2 /* ViewController1.h */,
				A187AD221DEAA83400B717D2 /* ViewController1.m */,
				A187AD241DEAAC1F00B717D2 /* ViewController2.h */,
				A187AD251DEAAC1F00B717D2 /* ViewController2.m */,
				A187AD271DEAACFB00B717D2 /* ViewController3.h */,
				A187AD281DEAACFB00B717D2 /* ViewController3.m */,
				A1E2816B1DEAAFF4006DCA77 /* ViewController4.h */,
				A1E2816C1DEAAFF4006DCA77 /* ViewController4.m */,
				A1E2816E1DEAB130006DCA77 /* ViewController5.h */,
				A1E2816F1DEAB130006DCA77 /* ViewController5.m */,
				A187ACF71DEAA7F000B717D2 /* Main.storyboard */,
				A187ACFA1DEAA7F000B717D2 /* Assets.xcassets */,
				A187ACFC1DEAA7F000B717D2 /* LaunchScreen.storyboard */,
				A187ACFF1DEAA7F000B717D2 /* Info.plist */,
				A187ACEE1DEAA7F000B717D2 /* Supporting Files */,
			);
			path = "导航模态连用获取window当前vc";
			sourceTree = "<group>";
		};
		A187ACEE1DEAA7F000B717D2 /* Supporting Files */ = {
			isa = PBXGroup;
			children = (
				A187ACEF1DEAA7F000B717D2 /* main.m */,
			);
			name = "Supporting Files";
			sourceTree = "<group>";
		};
		A187AD071DEAA7F100B717D2 /* 导航模态连用获取window当前vcTests */ = {
			isa = PBXGroup;
			children = (
				A187AD081DEAA7F100B717D2 /* ________window__vcTests.m */,
				A187AD0A1DEAA7F100B717D2 /* Info.plist */,
			);
			path = "导航模态连用获取window当前vcTests";
			sourceTree = "<group>";
		};
		A187AD121DEAA7F100B717D2 /* 导航模态连用获取window当前vcUITests */ = {
			isa = PBXGroup;
			children = (
				A187AD131DEAA7F100B717D2 /* ________window__vcUITests.m */,
				A187AD151DEAA7F100B717D2 /* Info.plist */,
			);
			path = "导航模态连用获取window当前vcUITests";
			sourceTree = "<group>";
		};
/* End PBXGroup section */

/* Begin PBXNativeTarget section */
		A187ACEA1DEAA7F000B717D2 /* 导航模态连用获取window当前vc */ = {
			isa = PBXNativeTarget;
			buildConfigurationList = A187AD181DEAA7F100B717D2 /* Build configuration list for PBXNativeTarget "导航模态连用获取window当前vc" */;
			buildPhases = (
				A187ACE71DEAA7F000B717D2 /* Sources */,
				A187ACE81DEAA7F000B717D2 /* Frameworks */,
				A187ACE91DEAA7F000B717D2 /* Resources */,
			);
			buildRules = (
			);
			dependencies = (
			);
			name = "导航模态连用获取window当前vc";
			productName = "导航模态连用获取window当前vc";
			productReference = A187ACEB1DEAA7F000B717D2 /* 导航模态连用获取window当前vc.app */;
			productType = "com.apple.product-type.application";
		};
		A187AD031DEAA7F100B717D2 /* 导航模态连用获取window当前vcTests */ = {
			isa = PBXNativeTarget;
			buildConfigurationList = A187AD1B1DEAA7F100B717D2 /* Build configuration list for PBXNativeTarget "导航模态连用获取window当前vcTests" */;
			buildPhases = (
				A187AD001DEAA7F100B717D2 /* Sources */,
				A187AD011DEAA7F100B717D2 /* Frameworks */,
				A187AD021DEAA7F100B717D2 /* Resources */,
			);
			buildRules = (
			);
			dependencies = (
				A187AD061DEAA7F100B717D2 /* PBXTargetDependency */,
			);
			name = "导航模态连用获取window当前vcTests";
			productName = "导航模态连用获取window当前vcTests";
			productReference = A187AD041DEAA7F100B717D2 /* 导航模态连用获取window当前vcTests.xctest */;
			productType = "com.apple.product-type.bundle.unit-test";
		};
		A187AD0E1DEAA7F100B717D2 /* 导航模态连用获取window当前vcUITests */ = {
			isa = PBXNativeTarget;
			buildConfigurationList = A187AD1E1DEAA7F100B717D2 /* Build configuration list for PBXNativeTarget "导航模态连用获取window当前vcUITests" */;
			buildPhases = (
				A187AD0B1DEAA7F100B717D2 /* Sources */,
				A187AD0C1DEAA7F100B717D2 /* Frameworks */,
				A187AD0D1DEAA7F100B717D2 /* Resources */,
			);
			buildRules = (
			);
			dependencies = (
				A187AD111DEAA7F100B717D2 /* PBXTargetDependency */,
			);
			name = "导航模态连用获取window当前vcUITests";
			productName = "导航模态连用获取window当前vcUITests";
			productReference = A187AD0F1DEAA7F100B717D2 /* 导航模态连用获取window当前vcUITests.xctest */;
			productType = "com.apple.product-type.bundle.ui-testing";
		};
/* End PBXNativeTarget section */

/* Begin PBXProject section */
		A187ACE31DEAA7F000B717D2 /* Project object */ = {
			isa = PBXProject;
			attributes = {
				LastUpgradeCheck = 0810;
				ORGANIZATIONNAME = Miao;
				TargetAttributes = {
					A187ACEA1DEAA7F000B717D2 = {
						CreatedOnToolsVersion = 8.1;
						ProvisioningStyle = Automatic;
					};
					A187AD031DEAA7F100B717D2 = {
						CreatedOnToolsVersion = 8.1;
						ProvisioningStyle = Automatic;
						TestTargetID = A187ACEA1DEAA7F000B717D2;
					};
					A187AD0E1DEAA7F100B717D2 = {
						CreatedOnToolsVersion = 8.1;
						ProvisioningStyle = Automatic;
						TestTargetID = A187ACEA1DEAA7F000B717D2;
					};
				};
			};
			buildConfigurationList = A187ACE61DEAA7F000B717D2 /* Build configuration list for PBXProject "导航模态连用获取window当前vc" */;
			compatibilityVersion = "Xcode 3.2";
			developmentRegion = English;
			hasScannedForEncodings = 0;
			knownRegions = (
				en,
				Base,
			);
			mainGroup = A187ACE21DEAA7F000B717D2;
			productRefGroup = A187ACEC1DEAA7F000B717D2 /* Products */;
			projectDirPath = "";
			projectRoot = "";
			targets = (
				A187ACEA1DEAA7F000B717D2 /* 导航模态连用获取window当前vc */,
				A187AD031DEAA7F100B717D2 /* 导航模态连用获取window当前vcTests */,
				A187AD0E1DEAA7F100B717D2 /* 导航模态连用获取window当前vcUITests */,
			);
		};
/* End PBXProject section */

/* Begin PBXResourcesBuildPhase section */
		A187ACE91DEAA7F000B717D2 /* Resources */ = {
			isa = PBXResourcesBuildPhase;
			buildActionMask = 2147483647;
			files = (
				A187ACFE1DEAA7F000B717D2 /* LaunchScreen.storyboard in Resources */,
				A187ACFB1DEAA7F000B717D2 /* Assets.xcassets in Resources */,
				A187ACF91DEAA7F000B717D2 /* Main.storyboard in Resources */,
			);
			runOnlyForDeploymentPostprocessing = 0;
		};
		A187AD021DEAA7F100B717D2 /* Resources */ = {
			isa = PBXResourcesBuildPhase;
			buildActionMask = 2147483647;
			files = (
			);
			runOnlyForDeploymentPostprocessing = 0;
		};
		A187AD0D1DEAA7F100B717D2 /* Resources */ = {
			isa = PBXResourcesBuildPhase;
			buildActionMask = 2147483647;
			files = (
			);
			runOnlyForDeploymentPostprocessing = 0;
		};
/* End PBXResourcesBuildPhase section */

/* Begin PBXSourcesBuildPhase section */
		A187ACE71DEAA7F000B717D2 /* Sources */ = {
			isa = PBXSourcesBuildPhase;
			buildActionMask = 2147483647;
			files = (
				A1E281701DEAB130006DCA77 /* ViewController5.m in Sources */,
				A187AD231DEAA83400B717D2 /* ViewController1.m in Sources */,
				A187ACF61DEAA7F000B717D2 /* ViewController.m in Sources */,
				A187AD291DEAACFB00B717D2 /* ViewController3.m in Sources */,
				A187AD261DEAAC1F00B717D2 /* ViewController2.m in Sources */,
				A187ACF31DEAA7F000B717D2 /* AppDelegate.m in Sources */,
				A1E2816D1DEAAFF4006DCA77 /* ViewController4.m in Sources */,
				A187ACF01DEAA7F000B717D2 /* main.m in Sources */,
			);
			runOnlyForDeploymentPostprocessing = 0;
		};
		A187AD001DEAA7F100B717D2 /* Sources */ = {
			isa = PBXSourcesBuildPhase;
			buildActionMask = 2147483647;
			files = (
				A187AD091DEAA7F100B717D2 /* ________window__vcTests.m in Sources */,
			);
			runOnlyForDeploymentPostprocessing = 0;
		};
		A187AD0B1DEAA7F100B717D2 /* Sources */ = {
			isa = PBXSourcesBuildPhase;
			buildActionMask = 2147483647;
			files = (
				A187AD141DEAA7F100B717D2 /* ________window__vcUITests.m in Sources */,
			);
			runOnlyForDeploymentPostprocessing = 0;
		};
/* End PBXSourcesBuildPhase section */

/* Begin PBXTargetDependency section */
		A187AD061DEAA7F100B717D2 /* PBXTargetDependency */ = {
			isa = PBXTargetDependency;
			target = A187ACEA1DEAA7F000B717D2 /* 导航模态连用获取window当前vc */;
			targetProxy = A187AD051DEAA7F100B717D2 /* PBXContainerItemProxy */;
		};
		A187AD111DEAA7F100B717D2 /* PBXTargetDependency */ = {
			isa = PBXTargetDependency;
			target = A187ACEA1DEAA7F000B717D2 /* 导航模态连用获取window当前vc */;
			targetProxy = A187AD101DEAA7F100B717D2 /* PBXContainerItemProxy */;
		};
/* End PBXTargetDependency section */

/* Begin PBXVariantGroup section */
		A187ACF71DEAA7F000B717D2 /* Main.storyboard */ = {
			isa = PBXVariantGroup;
			children = (
				A187ACF81DEAA7F000B717D2 /* Base */,
			);
			name = Main.storyboard;
			sourceTree = "<group>";
		};
		A187ACFC1DEAA7F000B717D2 /* LaunchScreen.storyboard */ = {
			isa = PBXVariantGroup;
			children = (
				A187ACFD1DEAA7F000B717D2 /* Base */,
			);
			name = LaunchScreen.storyboard;
			sourceTree = "<group>";
		};
/* End PBXVariantGroup section */

/* Begin XCBuildConfiguration section */
		A187AD161DEAA7F100B717D2 /* Debug */ = {
			isa = XCBuildConfiguration;
			buildSettings = {
				ALWAYS_SEARCH_USER_PATHS = NO;
				CLANG_ANALYZER_NONNULL = YES;
				CLANG_CXX_LANGUAGE_STANDARD = "gnu++0x";
				CLANG_CXX_LIBRARY = "libc++";
				CLANG_ENABLE_MODULES = YES;
				CLANG_ENABLE_OBJC_ARC = YES;
				CLANG_WARN_BOOL_CONVERSION = YES;
				CLANG_WARN_CONSTANT_CONVERSION = YES;
				CLANG_WARN_DIRECT_OBJC_ISA_USAGE = YES_ERROR;
				CLANG_WARN_DOCUMENTATION_COMMENTS = YES;
				CLANG_WARN_EMPTY_BODY = YES;
				CLANG_WARN_ENUM_CONVERSION = YES;
				CLANG_WARN_INFINITE_RECURSION = YES;
				CLANG_WARN_INT_CONVERSION = YES;
				CLANG_WARN_OBJC_ROOT_CLASS = YES_ERROR;
				CLANG_WARN_SUSPICIOUS_MOVES = YES;
				CLANG_WARN_UNREACHABLE_CODE = YES;
				CLANG_WARN__DUPLICATE_METHOD_MATCH = YES;
				"CODE_SIGN_IDENTITY[sdk=iphoneos*]" = "iPhone Developer";
				COPY_PHASE_STRIP = NO;
				DEBUG_INFORMATION_FORMAT = dwarf;
				ENABLE_STRICT_OBJC_MSGSEND = YES;
				ENABLE_TESTABILITY = YES;
				GCC_C_LANGUAGE_STANDARD = gnu99;
				GCC_DYNAMIC_NO_PIC = NO;
				GCC_NO_COMMON_BLOCKS = YES;
				GCC_OPTIMIZATION_LEVEL = 0;
				GCC_PREPROCESSOR_DEFINITIONS = (
					"DEBUG=1",
					"$(inherited)",
				);
				GCC_WARN_64_TO_32_BIT_CONVERSION = YES;
				GCC_WARN_ABOUT_RETURN_TYPE = YES_ERROR;
				GCC_WARN_UNDECLARED_SELECTOR = YES;
				GCC_WARN_UNINITIALIZED_AUTOS = YES_AGGRESSIVE;
				GCC_WARN_UNUSED_FUNCTION = YES;
				GCC_WARN_UNUSED_VARIABLE = YES;
				IPHONEOS_DEPLOYMENT_TARGET = 10.1;
				MTL_ENABLE_DEBUG_INFO = YES;
				ONLY_ACTIVE_ARCH = YES;
				SDKROOT = iphoneos;
				TARGETED_DEVICE_FAMILY = "1,2";
			};
			name = Debug;
		};
		A187AD171DEAA7F100B717D2 /* Release */ = {
			isa = XCBuildConfiguration;
			buildSettings = {
				ALWAYS_SEARCH_USER_PATHS = NO;
				CLANG_ANALYZER_NONNULL = YES;
				CLANG_CXX_LANGUAGE_STANDARD = "gnu++0x";
				CLANG_CXX_LIBRARY = "libc++";
				CLANG_ENABLE_MODULES = YES;
				CLANG_ENABLE_OBJC_ARC = YES;
				CLANG_WARN_BOOL_CONVERSION = YES;
				CLANG_WARN_CONSTANT_CONVERSION = YES;
				CLANG_WARN_DIRECT_OBJC_ISA_USAGE = YES_ERROR;
				CLANG_WARN_DOCUMENTATION_COMMENTS = YES;
				CLANG_WARN_EMPTY_BODY = YES;
				CLANG_WARN_ENUM_CONVERSION = YES;
				CLANG_WARN_INFINITE_RECURSION = YES;
				CLANG_WARN_INT_CONVERSION = YES;
				CLANG_WARN_OBJC_ROOT_CLASS = YES_ERROR;
				CLANG_WARN_SUSPICIOUS_MOVES = YES;
				CLANG_WARN_UNREACHABLE_CODE = YES;
				CLANG_WARN__DUPLICATE_METHOD_MATCH = YES;
				"CODE_SIGN_IDENTITY[sdk=iphoneos*]" = "iPhone Developer";
				COPY_PHASE_STRIP = NO;
				DEBUG_INFORMATION_FORMAT = "dwarf-with-dsym";
				ENABLE_NS_ASSERTIONS = NO;
				ENABLE_STRICT_OBJC_MSGSEND = YES;
				GCC_C_LANGUAGE_STANDARD = gnu99;
				GCC_NO_COMMON_BLOCKS = YES;
				GCC_WARN_64_TO_32_BIT_CONVERSION = YES;
				GCC_WARN_ABOUT_RETURN_TYPE = YES_ERROR;
				GCC_WARN_UNDECLARED_SELECTOR = YES;
				GCC_WARN_UNINITIALIZED_AUTOS = YES_AGGRESSIVE;
				GCC_WARN_UNUSED_FUNCTION = YES;
				GCC_WARN_UNUSED_VARIABLE = YES;
				IPHONEOS_DEPLOYMENT_TARGET = 10.1;
				MTL_ENABLE_DEBUG_INFO = NO;
				SDKROOT = iphoneos;
				TARGETED_DEVICE_FAMILY = "1,2";
				VALIDATE_PRODUCT = YES;
			};
			name = Release;
		};
		A187AD191DEAA7F100B717D2 /* Debug */ = {
			isa = XCBuildConfiguration;
			buildSettings = {
				ASSETCATALOG_COMPILER_APPICON_NAME = AppIcon;
				INFOPLIST_FILE = "导航模态连用获取window当前vc/Info.plist";
				LD_RUNPATH_SEARCH_PATHS = "$(inherited) @executable_path/Frameworks";
				PRODUCT_BUNDLE_IDENTIFIER = "---.--------window--vc";
				PRODUCT_NAME = "$(TARGET_NAME)";
			};
			name = Debug;
		};
		A187AD1A1DEAA7F100B717D2 /* Release */ = {
			isa = XCBuildConfiguration;
			buildSettings = {
				ASSETCATALOG_COMPILER_APPICON_NAME = AppIcon;
				INFOPLIST_FILE = "导航模态连用获取window当前vc/Info.plist";
				LD_RUNPATH_SEARCH_PATHS = "$(inherited) @executable_path/Frameworks";
				PRODUCT_BUNDLE_IDENTIFIER = "---.--------window--vc";
				PRODUCT_NAME = "$(TARGET_NAME)";
			};
			name = Release;
		};
		A187AD1C1DEAA7F100B717D2 /* Debug */ = {
			isa = XCBuildConfiguration;
			buildSettings = {
				BUNDLE_LOADER = "$(TEST_HOST)";
				INFOPLIST_FILE = "导航模态连用获取window当前vcTests/Info.plist";
				LD_RUNPATH_SEARCH_PATHS = "$(inherited) @executable_path/Frameworks @loader_path/Frameworks";
				PRODUCT_BUNDLE_IDENTIFIER = "---.--------window--vcTests";
				PRODUCT_NAME = "$(TARGET_NAME)";
				TEST_HOST = "$(BUILT_PRODUCTS_DIR)/导航模态连用获取window当前vc.app/导航模态连用获取window当前vc";
			};
			name = Debug;
		};
		A187AD1D1DEAA7F100B717D2 /* Release */ = {
			isa = XCBuildConfiguration;
			buildSettings = {
				BUNDLE_LOADER = "$(TEST_HOST)";
				INFOPLIST_FILE = "导航模态连用获取window当前vcTests/Info.plist";
				LD_RUNPATH_SEARCH_PATHS = "$(inherited) @executable_path/Frameworks @loader_path/Frameworks";
				PRODUCT_BUNDLE_IDENTIFIER = "---.--------window--vcTests";
				PRODUCT_NAME = "$(TARGET_NAME)";
				TEST_HOST = "$(BUILT_PRODUCTS_DIR)/导航模态连用获取window当前vc.app/导航模态连用获取window当前vc";
			};
			name = Release;
		};
		A187AD1F1DEAA7F100B717D2 /* Debug */ = {
			isa = XCBuildConfiguration;
			buildSettings = {
				INFOPLIST_FILE = "导航模态连用获取window当前vcUITests/Info.plist";
				LD_RUNPATH_SEARCH_PATHS = "$(inherited) @executable_path/Frameworks @loader_path/Frameworks";
				PRODUCT_BUNDLE_IDENTIFIER = "---.--------window--vcUITests";
				PRODUCT_NAME = "$(TARGET_NAME)";
				TEST_TARGET_NAME = "导航模态连用获取window当前vc";
			};
			name = Debug;
		};
		A187AD201DEAA7F100B717D2 /* Release */ = {
			isa = XCBuildConfiguration;
			buildSettings = {
				INFOPLIST_FILE = "导航模态连用获取window当前vcUITests/Info.plist";
				LD_RUNPATH_SEARCH_PATHS = "$(inherited) @executable_path/Frameworks @loader_path/Frameworks";
				PRODUCT_BUNDLE_IDENTIFIER = "---.--------window--vcUITests";
				PRODUCT_NAME = "$(TARGET_NAME)";
				TEST_TARGET_NAME = "导航模态连用获取window当前vc";
			};
			name = Release;
		};
/* End XCBuildConfiguration section */

/* Begin XCConfigurationList section */
		A187ACE61DEAA7F000B717D2 /* Build configuration list for PBXProject "导航模态连用获取window当前vc" */ = {
			isa = XCConfigurationList;
			buildConfigurations = (
				A187AD161DEAA7F100B717D2 /* Debug */,
				A187AD171DEAA7F100B717D2 /* Release */,
			);
			defaultConfigurationIsVisible = 0;
			defaultConfigurationName = Release;
		};
		A187AD181DEAA7F100B717D2 /* Build configuration list for PBXNativeTarget "导航模态连用获取window当前vc" */ = {
			isa = XCConfigurationList;
			buildConfigurations = (
				A187AD191DEAA7F100B717D2 /* Debug */,
				A187AD1A1DEAA7F100B717D2 /* Release */,
			);
			defaultConfigurationIsVisible = 0;
			defaultConfigurationName = Release;
		};
		A187AD1B1DEAA7F100B717D2 /* Build configuration list for PBXNativeTarget "导航模态连用获取window当前vcTests" */ = {
			isa = XCConfigurationList;
			buildConfigurations = (
				A187AD1C1DEAA7F100B717D2 /* Debug */,
				A187AD1D1DEAA7F100B717D2 /* Release */,
			);
			defaultConfigurationIsVisible = 0;
			defaultConfigurationName = Release;
		};
		A187AD1E1DEAA7F100B717D2 /* Build configuration list for PBXNativeTarget "导航模态连用获取window当前vcUITests" */ = {
			isa = XCConfigurationList;
			buildConfigurations = (
				A187AD1F1DEAA7F100B717D2 /* Debug */,
				A187AD201DEAA7F100B717D2 /* Release */,
			);
			defaultConfigurationIsVisible = 0;
			defaultConfigurationName = Release;
		};
/* End XCConfigurationList section */
	};
	rootObject = A187ACE31DEAA7F000B717D2 /* Project object */;
}
